
Microsoft Visual Studio Solution File, Format Version 12.00
# Visual Studio Version 16
VisualStudioVersion = 16.0.30907.101
MinimumVisualStudioVersion = 10.0.40219.1
Project("{FAE04EC0-301F-11D3-BF4B-00C04F79EFBC}") = "AoC2015", "AoC2015\AoC2015.csproj", "{9C0B4FFB-2E70-4BBD-A04A-3AFE804316DB}"
EndProject
Project("{FAE04EC0-301F-11D3-BF4B-00C04F79EFBC}") = "AoCBase", "AoCBase\AoCBase.csproj", "{8D749A72-A1CB-4BE0-ABB0-A1F81067F206}"
EndProject
Global
	GlobalSection(SolutionConfigurationPlatforms) = preSolution
		Debug|Any CPU = Debug|Any CPU
		Release|Any CPU = Release|Any CPU
	EndGlobalSection
	GlobalSection(ProjectConfigurationPlatforms) = postSolution
		{9C0B4FFB-2E70-4BBD-A04A-3AFE804316DB}.Debug|Any CPU.ActiveCfg = Debug|Any CPU
		{9C0B4FFB-2E70-4BBD-A04A-3AFE804316DB}.Debug|Any CPU.Build.0 = Debug|Any CPU
		{9C0B4FFB-2E70-4BBD-A04A-3AFE804316DB}.Release|Any CPU.ActiveCfg = Release|Any CPU
		{9C0B4FFB-2E70-4BBD-A04A-3AFE804316DB}.Release|Any CPU.Build.0 = Release|Any CPU
		{8D749A72-A1CB-4BE0-ABB0-A1F81067F206}.Debug|Any CPU.ActiveCfg = Debug|Any CPU
		{8D749A72-A1CB-4BE0-ABB0-A1F81067F206}.Debug|Any CPU.Build.0 = Debug|Any CPU
		{8D749A72-A1CB-4BE0-ABB0-A1F81067F206}.Release|Any CPU.ActiveCfg = Release|Any CPU
		{8D749A72-A1CB-4BE0-ABB0-A1F81067F206}.Release|Any CPU.Build.0 = Release|Any CPU
	EndGlobalSection
	GlobalSection(SolutionProperties) = preSolution
		HideSolutionNode = FALSE
	EndGlobalSection
	GlobalSection(ExtensibilityGlobals) = postSolution
		SolutionGuid = {E72274FC-1023-43DD-A474-E66889DDFE27}
	EndGlobalSection
EndGlobal
